
Microsoft Visual Studio Solution File, Format Version 12.00
# Visual Studio Version 17
VisualStudioVersion = 17.14.37314.3
MinimumVisualStudioVersion = 10.0.40219.1
Project("{FAE04EC0-301F-11D3-BF4B-00C04F79EFBC}") = "Order.API", "Order.API\Order.API.csproj", "{AE1BCB09-24CA-D326-7165-40629B7900EA}"
EndProject
Project("{FAE04EC0-301F-11D3-BF4B-00C04F79EFBC}") = "Order.Application", "Order.Application\Order.Application.csproj", "{CC9C635F-DC7C-8357-0D50-AEC27D09AB2E}"
EndProject
Project("{FAE04EC0-301F-11D3-BF4B-00C04F79EFBC}") = "Order.Domain", "Order.Domain\Order.Domain.csproj", "{78E0724C-BF93-4415-5F64-1184658C8B61}"
EndProject
Project("{FAE04EC0-301F-11D3-BF4B-00C04F79EFBC}") = "Order.Infrastructure", "Order.Infrastructure\Order.Infrastructure.csproj", "{CB315926-E0B6-4BDB-AFE6-F7684854E1FC}"
EndProject
Global
	GlobalSection(SolutionConfigurationPlatforms) = preSolution
		Debug|Any CPU = Debug|Any CPU
		Release|Any CPU = Release|Any CPU
	EndGlobalSection
	GlobalSection(ProjectConfigurationPlatforms) = postSolution
		{AE1BCB09-24CA-D326-7165-40629B7900EA}.Debug|Any CPU.ActiveCfg = Debug|Any CPU
		{AE1BCB09-24CA-D326-7165-40629B7900EA}.Debug|Any CPU.Build.0 = Debug|Any CPU
		{AE1BCB09-24CA-D326-7165-40629B7900EA}.Release|Any CPU.ActiveCfg = Release|Any CPU
		{AE1BCB09-24CA-D326-7165-40629B7900EA}.Release|Any CPU.Build.0 = Release|Any CPU
		{CC9C635F-DC7C-8357-0D50-AEC27D09AB2E}.Debug|Any CPU.ActiveCfg = Debug|Any CPU
		{CC9C635F-DC7C-8357-0D50-AEC27D09AB2E}.Debug|Any CPU.Build.0 = Debug|Any CPU
		{CC9C635F-DC7C-8357-0D50-AEC27D09AB2E}.Release|Any CPU.ActiveCfg = Release|Any CPU
		{CC9C635F-DC7C-8357-0D50-AEC27D09AB2E}.Release|Any CPU.Build.0 = Release|Any CPU
		{78E0724C-BF93-4415-5F64-1184658C8B61}.Debug|Any CPU.ActiveCfg = Debug|Any CPU
		{78E0724C-BF93-4415-5F64-1184658C8B61}.Debug|Any CPU.Build.0 = Debug|Any CPU
		{78E0724C-BF93-4415-5F64-1184658C8B61}.Release|Any CPU.ActiveCfg = Release|Any CPU
		{78E0724C-BF93-4415-5F64-1184658C8B61}.Release|Any CPU.Build.0 = Release|Any CPU
		{CB315926-E0B6-4BDB-AFE6-F7684854E1FC}.Debug|Any CPU.ActiveCfg = Debug|Any CPU
		{CB315926-E0B6-4BDB-AFE6-F7684854E1FC}.Debug|Any CPU.Build.0 = Debug|Any CPU
		{CB315926-E0B6-4BDB-AFE6-F7684854E1FC}.Release|Any CPU.ActiveCfg = Release|Any CPU
		{CB315926-E0B6-4BDB-AFE6-F7684854E1FC}.Release|Any CPU.Build.0 = Release|Any CPU
	EndGlobalSection
	GlobalSection(SolutionProperties) = preSolution
		HideSolutionNode = FALSE
	EndGlobalSection
	GlobalSection(ExtensibilityGlobals) = postSolution
		SolutionGuid = {DA8FECBB-E4A2-455E-ABAD-1D56F4D600AB}
	EndGlobalSection
EndGlobal
